// !$*UTF8*$!
{
	archiveVersion = 1;
	classes = {
	};
	objectVersion = 50;
	objects = {

/* Begin PBXBuildFile section */
		404F3D962393ABDC003CB291 /* AppDelegate.m in Sources */ = {isa = PBXBuildFile; fileRef = 404F3D952393ABDC003CB291 /* AppDelegate.m */; };
		404F3D992393ABDC003CB291 /* SceneDelegate.m in Sources */ = {isa = PBXBuildFile; fileRef = 404F3D982393ABDC003CB291 /* SceneDelegate.m */; };
		404F3D9C2393ABDC003CB291 /* ViewController.m in Sources */ = {isa = PBXBuildFile; fileRef = 404F3D9B2393ABDC003CB291 /* ViewController.m */; };
		404F3D9F2393ABDC003CB291 /* Main.storyboard in Resources */ = {isa = PBXBuildFile; fileRef = 404F3D9D2393ABDC003CB291 /* Main.storyboard */; };
		404F3DA12393ABDE003CB291 /* Assets.xcassets in Resources */ = {isa = PBXBuildFile; fileRef = 404F3DA02393ABDE003CB291 /* Assets.xcassets */; };
		404F3DA42393ABDE003CB291 /* LaunchScreen.storyboard in Resources */ = {isa = PBXBuildFile; fileRef = 404F3DA22393ABDE003CB291 /* LaunchScreen.storyboard */; };
		404F3DA72393ABDE003CB291 /* main.m in Sources */ = {isa = PBXBuildFile; fileRef = 404F3DA62393ABDE003CB291 /* main.m */; };
		404F3DB12393ABDE003CB291 /* MapViewApplicationTests.m in Sources */ = {isa = PBXBuildFile; fileRef = 404F3DB02393ABDE003CB291 /* MapViewApplicationTests.m */; };
		404F3DBC2393ABDE003CB291 /* MapViewApplicationUITests.m in Sources */ = {isa = PBXBuildFile; fileRef = 404F3DBB2393ABDE003CB291 /* MapViewApplicationUITests.m */; };
/* End PBXBuildFile section */

/* Begin PBXContainerItemProxy section */
		404F3DAD2393ABDE003CB291 /* PBXContainerItemProxy */ = {
			isa = PBXContainerItemProxy;
			containerPortal = 404F3D892393ABDC003CB291 /* Project object */;
			proxyType = 1;
			remoteGlobalIDString = 404F3D902393ABDC003CB291;
			remoteInfo = MapViewApplication;
		};
		404F3DB82393ABDE003CB291 /* PBXContainerItemProxy */ = {
			isa = PBXContainerItemProxy;
			containerPortal = 404F3D892393ABDC003CB291 /* Project object */;
			proxyType = 1;
			remoteGlobalIDString = 404F3D902393ABDC003CB291;
			remoteInfo = MapViewApplication;
		};
/* End PBXContainerItemProxy section */

/* Begin PBXFileReference section */
		404F3D912393ABDC003CB291 /* MapViewApplication.app */ = {isa = PBXFileReference; explicitFileType = wrapper.application; includeInIndex = 0; path = MapViewApplication.app; sourceTree = BUILT_PRODUCTS_DIR; };
		404F3D942393ABDC003CB291 /* AppDelegate.h */ = {isa = PBXFileReference; lastKnownFileType = sourcecode.c.h; path = AppDelegate.h; sourceTree = "<group>"; };
		404F3D952393ABDC003CB291 /* AppDelegate.m */ = {isa = PBXFileReference; lastKnownFileType = sourcecode.c.objc; path = AppDelegate.m; sourceTree = "<group>"; };
		404F3D972393ABDC003CB291 /* SceneDelegate.h */ = {isa = PBXFileReference; lastKnownFileType = sourcecode.c.h; path = SceneDelegate.h; sourceTree = "<group>"; };
		404F3D982393ABDC003CB291 /* SceneDelegate.m */ = {isa = PBXFileReference; lastKnownFileType = sourcecode.c.objc; path = SceneDelegate.m; sourceTree = "<group>"; };
		404F3D9A2393ABDC003CB291 /* ViewController.h */ = {isa = PBXFileReference; lastKnownFileType = sourcecode.c.h; path = ViewController.h; sourceTree = "<group>"; };
		404F3D9B2393ABDC003CB291 /* ViewController.m */ = {isa = PBXFileReference; lastKnownFileType = sourcecode.c.objc; path = ViewController.m; sourceTree = "<group>"; };
		404F3D9E2393ABDC003CB291 /* Base */ = {isa = PBXFileReference; lastKnownFileType = file.storyboard; name = Base; path = Base.lproj/Main.storyboard; sourceTree = "<group>"; };
		404F3DA02393ABDE003CB291 /* Assets.xcassets */ = {isa = PBXFileReference; lastKnownFileType = folder.assetcatalog; path = Assets.xcassets; sourceTree = "<group>"; };
		404F3DA32393ABDE003CB291 /* Base */ = {isa = PBXFileReference; lastKnownFileType = file.storyboard; name = Base; path = Base.lproj/LaunchScreen.storyboard; sourceTree = "<group>"; };
		404F3DA52393ABDE003CB291 /* Info.plist */ = {isa = PBXFileReference; lastKnownFileType = text.plist.xml; path = Info.plist; sourceTree = "<group>"; };
		404F3DA62393ABDE003CB291 /* main.m */ = {isa = PBXFileReference; lastKnownFileType = sourcecode.c.objc; path = main.m; sourceTree = "<group>"; };
		404F3DAC2393ABDE003CB291 /* MapViewApplicationTests.xctest */ = {isa = PBXFileReference; explicitFileType = wrapper.cfbundle; includeInIndex = 0; path = MapViewApplicationTests.xctest; sourceTree = BUILT_PRODUCTS_DIR; };
		404F3DB02393ABDE003CB291 /* MapViewApplicationTests.m */ = {isa = PBXFileReference; lastKnownFileType = sourcecode.c.objc; path = MapViewApplicationTests.m; sourceTree = "<group>"; };
		404F3DB22393ABDE003CB291 /* Info.plist */ = {isa = PBXFileReference; lastKnownFileType = text.plist.xml; path = Info.plist; sourceTree = "<group>"; };
		404F3DB72393ABDE003CB291 /* MapViewApplicationUITests.xctest */ = {isa = PBXFileReference; explicitFileType = wrapper.cfbundle; includeInIndex = 0; path = MapViewApplicationUITests.xctest; sourceTree = BUILT_PRODUCTS_DIR; };
		404F3DBB2393ABDE003CB291 /* MapViewApplicationUITests.m */ = {isa = PBXFileReference; lastKnownFileType = sourcecode.c.objc; path = MapViewApplicationUITests.m; sourceTree = "<group>"; };
		404F3DBD2393ABDE003CB291 /* Info.plist */ = {isa = PBXFileReference; lastKnownFileType = text.plist.xml; path = Info.plist; sourceTree = "<group>"; };
/* End PBXFileReference section */

/* Begin PBXFrameworksBuildPhase section */
		404F3D8E2393ABDC003CB291 /* Frameworks */ = {
			isa = PBXFrameworksBuildPhase;
			buildActionMask = 2147483647;
			files = (
			);
			runOnlyForDeploymentPostprocessing = 0;
		};
		404F3DA92393ABDE003CB291 /* Frameworks */ = {
			isa = PBXFrameworksBuildPhase;
			buildActionMask = 2147483647;
			files = (
			);
			runOnlyForDeploymentPostprocessing = 0;
		};
		404F3DB42393ABDE003CB291 /* Frameworks */ = {
			isa = PBXFrameworksBuildPhase;
			buildActionMask = 2147483647;
			files = (
			);
			runOnlyForDeploymentPostprocessing = 0;
		};
/* End PBXFrameworksBuildPhase section */

/* Begin PBXGroup section */
		404F3D882393ABDC003CB291 = {
			isa = PBXGroup;
			children = (
				404F3D932393ABDC003CB291 /* MapViewApplication */,
				404F3DAF2393ABDE003CB291 /* MapViewApplicationTests */,
				404F3DBA2393ABDE003CB291 /* MapViewApplicationUITests */,
				404F3D922393ABDC003CB291 /* Products */,
			);
			sourceTree = "<group>";
		};
		404F3D922393ABDC003CB291 /* Products */ = {
			isa = PBXGroup;
			children = (
				404F3D912393ABDC003CB291 /* MapViewApplication.app */,
				404F3DAC2393ABDE003CB291 /* MapViewApplicationTests.xctest */,
				404F3DB72393ABDE003CB291 /* MapViewApplicationUITests.xctest */,
			);
			name = Products;
			sourceTree = "<group>";
		};
		404F3D932393ABDC003CB291 /* MapViewApplication */ = {
			isa = PBXGroup;
			children = (
				404F3D942393ABDC003CB291 /* AppDelegate.h */,
				404F3D952393ABDC003CB291 /* AppDelegate.m */,
				404F3D972393ABDC003CB291 /* SceneDelegate.h */,
				404F3D982393ABDC003CB291 /* SceneDelegate.m */,
				404F3D9A2393ABDC003CB291 /* ViewController.h */,
				404F3D9B2393ABDC003CB291 /* ViewController.m */,
				404F3D9D2393ABDC003CB291 /* Main.storyboard */,
				404F3DA02393ABDE003CB291 /* Assets.xcassets */,
				404F3DA22393ABDE003CB291 /* LaunchScreen.storyboard */,
				404F3DA52393ABDE003CB291 /* Info.plist */,
				404F3DA62393ABDE003CB291 /* main.m */,
			);
			path = MapViewApplication;
			sourceTree = "<group>";
		};
		404F3DAF2393ABDE003CB291 /* MapViewApplicationTests */ = {
			isa = PBXGroup;
			children = (
				404F3DB02393ABDE003CB291 /* MapViewApplicationTests.m */,
				404F3DB22393ABDE003CB291 /* Info.plist */,
			);
			path = MapViewApplicationTests;
			sourceTree = "<group>";
		};
		404F3DBA2393ABDE003CB291 /* MapViewApplicationUITests */ = {
			isa = PBXGroup;
			children = (
				404F3DBB2393ABDE003CB291 /* MapViewApplicationUITests.m */,
				404F3DBD2393ABDE003CB291 /* Info.plist */,
			);
			path = MapViewApplicationUITests;
			sourceTree = "<group>";
		};
/* End PBXGroup section */

/* Begin PBXNativeTarget section */
		404F3D902393ABDC003CB291 /* MapViewApplication */ = {
			isa = PBXNativeTarget;
			buildConfigurationList = 404F3DC02393ABDE003CB291 /* Build configuration list for PBXNativeTarget "MapViewApplication" */;
			buildPhases = (
				404F3D8D2393ABDC003CB291 /* Sources */,
				404F3D8E2393ABDC003CB291 /* Frameworks */,
				404F3D8F2393ABDC003CB291 /* Resources */,
			);
			buildRules = (
			);
			dependencies = (
			);
			name = MapViewApplication;
			productName = MapViewApplication;
			productReference = 404F3D912393ABDC003CB291 /* MapViewApplication.app */;
			productType = "com.apple.product-type.application";
		};
		404F3DAB2393ABDE003CB291 /* MapViewApplicationTests */ = {
			isa = PBXNativeTarget;
			buildConfigurationList = 404F3DC32393ABDE003CB291 /* Build configuration list for PBXNativeTarget "MapViewApplicationTests" */;
			buildPhases = (
				404F3DA82393ABDE003CB291 /* Sources */,
				404F3DA92393ABDE003CB291 /* Frameworks */,
				404F3DAA2393ABDE003CB291 /* Resources */,
			);
			buildRules = (
			);
			dependencies = (
				404F3DAE2393ABDE003CB291 /* PBXTargetDependency */,
			);
			name = MapViewApplicationTests;
			productName = MapViewApplicationTests;
			productReference = 404F3DAC2393ABDE003CB291 /* MapViewApplicationTests.xctest */;
			productType = "com.apple.product-type.bundle.unit-test";
		};
		404F3DB62393ABDE003CB291 /* MapViewApplicationUITests */ = {
			isa = PBXNativeTarget;
			buildConfigurationList = 404F3DC62393ABDE003CB291 /* Build configuration list for PBXNativeTarget "MapViewApplicationUITests" */;
			buildPhases = (
				404F3DB32393ABDE003CB291 /* Sources */,
				404F3DB42393ABDE003CB291 /* Frameworks */,
				404F3DB52393ABDE003CB291 /* Resources */,
			);
			buildRules = (
			);
			dependencies = (
				404F3DB92393ABDE003CB291 /* PBXTargetDependency */,
			);
			name = MapViewApplicationUITests;
			productName = MapViewApplicationUITests;
			productReference = 404F3DB72393ABDE003CB291 /* MapViewApplicationUITests.xctest */;
			productType = "com.apple.product-type.bundle.ui-testing";
		};
/* End PBXNativeTarget section */

/* Begin PBXProject section */
		404F3D892393ABDC003CB291 /* Project object */ = {
			isa = PBXProject;
			attributes = {
				LastUpgradeCheck = 1110;
				ORGANIZATIONNAME = "Shivam Patel";
				TargetAttributes = {
					404F3D902393ABDC003CB291 = {
						CreatedOnToolsVersion = 11.1;
					};
					404F3DAB2393ABDE003CB291 = {
						CreatedOnToolsVersion = 11.1;
						TestTargetID = 404F3D902393ABDC003CB291;
					};
					404F3DB62393ABDE003CB291 = {
						CreatedOnToolsVersion = 11.1;
						TestTargetID = 404F3D902393ABDC003CB291;
					};
				};
			};
			buildConfigurationList = 404F3D8C2393ABDC003CB291 /* Build configuration list for PBXProject "MapViewApplication" */;
			compatibilityVersion = "Xcode 9.3";
			developmentRegion = en;
			hasScannedForEncodings = 0;
			knownRegions = (
				en,
				Base,
			);
			mainGroup = 404F3D882393ABDC003CB291;
			productRefGroup = 404F3D922393ABDC003CB291 /* Products */;
			projectDirPath = "";
			projectRoot = "";
			targets = (
				404F3D902393ABDC003CB291 /* MapViewApplication */,
				404F3DAB2393ABDE003CB291 /* MapViewApplicationTests */,
				404F3DB62393ABDE003CB291 /* MapViewApplicationUITests */,
			);
		};
/* End PBXProject section */

/* Begin PBXResourcesBuildPhase section */
		404F3D8F2393ABDC003CB291 /* Resources */ = {
			isa = PBXResourcesBuildPhase;
			buildActionMask = 2147483647;
			files = (
				404F3DA42393ABDE003CB291 /* LaunchScreen.storyboard in Resources */,
				404F3DA12393ABDE003CB291 /* Assets.xcassets in Resources */,
				404F3D9F2393ABDC003CB291 /* Main.storyboard in Resources */,
			);
			runOnlyForDeploymentPostprocessing = 0;
		};
		404F3DAA2393ABDE003CB291 /* Resources */ = {
			isa = PBXResourcesBuildPhase;
			buildActionMask = 2147483647;
			files = (
			);
			runOnlyForDeploymentPostprocessing = 0;
		};
		404F3DB52393ABDE003CB291 /* Resources */ = {
			isa = PBXResourcesBuildPhase;
			buildActionMask = 2147483647;
			files = (
			);
			runOnlyForDeploymentPostprocessing = 0;
		};
/* End PBXResourcesBuildPhase section */

/* Begin PBXSourcesBuildPhase section */
		404F3D8D2393ABDC003CB291 /* Sources */ = {
			isa = PBXSourcesBuildPhase;
			buildActionMask = 2147483647;
			files = (
				404F3D9C2393ABDC003CB291 /* ViewController.m in Sources */,
				404F3D962393ABDC003CB291 /* AppDelegate.m in Sources */,
				404F3DA72393ABDE003CB291 /* main.m in Sources */,
				404F3D992393ABDC003CB291 /* SceneDelegate.m in Sources */,
			);
			runOnlyForDeploymentPostprocessing = 0;
		};
		404F3DA82393ABDE003CB291 /* Sources */ = {
			isa = PBXSourcesBuildPhase;
			buildActionMask = 2147483647;
			files = (
				404F3DB12393ABDE003CB291 /* MapViewApplicationTests.m in Sources */,
			);
			runOnlyForDeploymentPostprocessing = 0;
		};
		404F3DB32393ABDE003CB291 /* Sources */ = {
			isa = PBXSourcesBuildPhase;
			buildActionMask = 2147483647;
			files = (
				404F3DBC2393ABDE003CB291 /* MapViewApplicationUITests.m in Sources */,
			);
			runOnlyForDeploymentPostprocessing = 0;
		};
/* End PBXSourcesBuildPhase section */

/* Begin PBXTargetDependency section */
		404F3DAE2393ABDE003CB291 /* PBXTargetDependency */ = {
			isa = PBXTargetDependency;
			target = 404F3D902393ABDC003CB291 /* MapViewApplication */;
			targetProxy = 404F3DAD2393ABDE003CB291 /* PBXContainerItemProxy */;
		};
		404F3DB92393ABDE003CB291 /* PBXTargetDependency */ = {
			isa = PBXTargetDependency;
			target = 404F3D902393ABDC003CB291 /* MapViewApplication */;
			targetProxy = 404F3DB82393ABDE003CB291 /* PBXContainerItemProxy */;
		};
/* End PBXTargetDependency section */

/* Begin PBXVariantGroup section */
		404F3D9D2393ABDC003CB291 /* Main.storyboard */ = {
			isa = PBXVariantGroup;
			children = (
				404F3D9E2393ABDC003CB291 /* Base */,
			);
			name = Main.storyboard;
			sourceTree = "<group>";
		};
		404F3DA22393ABDE003CB291 /* LaunchScreen.storyboard */ = {
			isa = PBXVariantGroup;
			children = (
				404F3DA32393ABDE003CB291 /* Base */,
			);
			name = LaunchScreen.storyboard;
			sourceTree = "<group>";
		};
/* End PBXVariantGroup section */

/* Begin XCBuildConfiguration section */
		404F3DBE2393ABDE003CB291 /* Debug */ = {
			isa = XCBuildConfiguration;
			buildSettings = {
				ALWAYS_SEARCH_USER_PATHS = NO;
				CLANG_ANALYZER_NONNULL = YES;
				CLANG_ANALYZER_NUMBER_OBJECT_CONVERSION = YES_AGGRESSIVE;
				CLANG_CXX_LANGUAGE_STANDARD = "gnu++14";
				CLANG_CXX_LIBRARY = "libc++";
				CLANG_ENABLE_MODULES = YES;
				CLANG_ENABLE_OBJC_ARC = YES;
				CLANG_ENABLE_OBJC_WEAK = YES;
				CLANG_WARN_BLOCK_CAPTURE_AUTORELEASING = YES;
				CLANG_WARN_BOOL_CONVERSION = YES;
				CLANG_WARN_COMMA = YES;
				CLANG_WARN_CONSTANT_CONVERSION = YES;
				CLANG_WARN_DEPRECATED_OBJC_IMPLEMENTATIONS = YES;
				CLANG_WARN_DIRECT_OBJC_ISA_USAGE = YES_ERROR;
				CLANG_WARN_DOCUMENTATION_COMMENTS = YES;
				CLANG_WARN_EMPTY_BODY = YES;
				CLANG_WARN_ENUM_CONVERSION = YES;
				CLANG_WARN_INFINITE_RECURSION = YES;
				CLANG_WARN_INT_CONVERSION = YES;
				CLANG_WARN_NON_LITERAL_NULL_CONVERSION = YES;
				CLANG_WARN_OBJC_IMPLICIT_RETAIN_SELF = YES;
				CLANG_WARN_OBJC_LITERAL_CONVERSION = YES;
				CLANG_WARN_OBJC_ROOT_CLASS = YES_ERROR;
				CLANG_WARN_RANGE_LOOP_ANALYSIS = YES;
				CLANG_WARN_STRICT_PROTOTYPES = YES;
				CLANG_WARN_SUSPICIOUS_MOVE = YES;
				CLANG_WARN_UNGUARDED_AVAILABILITY = YES_AGGRESSIVE;
				CLANG_WARN_UNREACHABLE_CODE = YES;
				CLANG_WARN__DUPLICATE_METHOD_MATCH = YES;
				COPY_PHASE_STRIP = NO;
				DEBUG_INFORMATION_FORMAT = dwarf;
				ENABLE_STRICT_OBJC_MSGSEND = YES;
				ENABLE_TESTABILITY = YES;
				GCC_C_LANGUAGE_STANDARD = gnu11;
				GCC_DYNAMIC_NO_PIC = NO;
				GCC_NO_COMMON_BLOCKS = YES;
				GCC_OPTIMIZATION_LEVEL = 0;
				GCC_PREPROCESSOR_DEFINITIONS = (
					"DEBUG=1",
					"$(inherited)",
				);
				GCC_WARN_64_TO_32_BIT_CONVERSION = YES;
				GCC_WARN_ABOUT_RETURN_TYPE = YES_ERROR;
				GCC_WARN_UNDECLARED_SELECTOR = YES;
				GCC_WARN_UNINITIALIZED_AUTOS = YES_AGGRESSIVE;
				GCC_WARN_UNUSED_FUNCTION = YES;
				GCC_WARN_UNUSED_VARIABLE = YES;
				IPHONEOS_DEPLOYMENT_TARGET = 13.1;
				MTL_ENABLE_DEBUG_INFO = INCLUDE_SOURCE;
				MTL_FAST_MATH = YES;
				ONLY_ACTIVE_ARCH = YES;
				SDKROOT = iphoneos;
			};
			name = Debug;
		};
		404F3DBF2393ABDE003CB291 /* Release */ = {
			isa = XCBuildConfiguration;
			buildSettings = {
				ALWAYS_SEARCH_USER_PATHS = NO;
				CLANG_ANALYZER_NONNULL = YES;
				CLANG_ANALYZER_NUMBER_OBJECT_CONVERSION = YES_AGGRESSIVE;
				CLANG_CXX_LANGUAGE_STANDARD = "gnu++14";
				CLANG_CXX_LIBRARY = "libc++";
				CLANG_ENABLE_MODULES = YES;
				CLANG_ENABLE_OBJC_ARC = YES;
				CLANG_ENABLE_OBJC_WEAK = YES;
				CLANG_WARN_BLOCK_CAPTURE_AUTORELEASING = YES;
				CLANG_WARN_BOOL_CONVERSION = YES;
				CLANG_WARN_COMMA = YES;
				CLANG_WARN_CONSTANT_CONVERSION = YES;
				CLANG_WARN_DEPRECATED_OBJC_IMPLEMENTATIONS = YES;
				CLANG_WARN_DIRECT_OBJC_ISA_USAGE = YES_ERROR;
				CLANG_WARN_DOCUMENTATION_COMMENTS = YES;
				CLANG_WARN_EMPTY_BODY = YES;
				CLANG_WARN_ENUM_CONVERSION = YES;
				CLANG_WARN_INFINITE_RECURSION = YES;
				CLANG_WARN_INT_CONVERSION = YES;
				CLANG_WARN_NON_LITERAL_NULL_CONVERSION = YES;
				CLANG_WARN_OBJC_IMPLICIT_RETAIN_SELF = YES;
				CLANG_WARN_OBJC_LITERAL_CONVERSION = YES;
				CLANG_WARN_OBJC_ROOT_CLASS = YES_ERROR;
				CLANG_WARN_RANGE_LOOP_ANALYSIS = YES;
				CLANG_WARN_STRICT_PROTOTYPES = YES;
				CLANG_WARN_SUSPICIOUS_MOVE = YES;
				CLANG_WARN_UNGUARDED_AVAILABILITY = YES_AGGRESSIVE;
				CLANG_WARN_UNREACHABLE_CODE = YES;
				CLANG_WARN__DUPLICATE_METHOD_MATCH = YES;
				COPY_PHASE_STRIP = NO;
				DEBUG_INFORMATION_FORMAT = "dwarf-with-dsym";
				ENABLE_NS_ASSERTIONS = NO;
				ENABLE_STRICT_OBJC_MSGSEND = YES;
				GCC_C_LANGUAGE_STANDARD = gnu11;
				GCC_NO_COMMON_BLOCKS = YES;
				GCC_WARN_64_TO_32_BIT_CONVERSION = YES;
				GCC_WARN_ABOUT_RETURN_TYPE = YES_ERROR;
				GCC_WARN_UNDECLARED_SELECTOR = YES;
				GCC_WARN_UNINITIALIZED_AUTOS = YES_AGGRESSIVE;
				GCC_WARN_UNUSED_FUNCTION = YES;
				GCC_WARN_UNUSED_VARIABLE = YES;
				IPHONEOS_DEPLOYMENT_TARGET = 13.1;
				MTL_ENABLE_DEBUG_INFO = NO;
				MTL_FAST_MATH = YES;
				SDKROOT = iphoneos;
				VALIDATE_PRODUCT = YES;
			};
			name = Release;
		};
		404F3DC12393ABDE003CB291 /* Debug */ = {
			isa = XCBuildConfiguration;
			buildSettings = {
				ASSETCATALOG_COMPILER_APPICON_NAME = AppIcon;
				CODE_SIGN_STYLE = Automatic;
				DEVELOPMENT_TEAM = VBG2DLANNV;
				INFOPLIST_FILE = MapViewApplication/Info.plist;
				LD_RUNPATH_SEARCH_PATHS = (
					"$(inherited)",
					"@executable_path/Frameworks",
				);
				PRODUCT_BUNDLE_IDENTIFIER = com.shivam.MapViewApplication;
				PRODUCT_NAME = "$(TARGET_NAME)";
				TARGETED_DEVICE_FAMILY = "1,2";
			};
			name = Debug;
		};
		404F3DC22393ABDE003CB291 /* Release */ = {
			isa = XCBuildConfiguration;
			buildSettings = {
				ASSETCATALOG_COMPILER_APPICON_NAME = AppIcon;
				CODE_SIGN_STYLE = Automatic;
				DEVELOPMENT_TEAM = VBG2DLANNV;
				INFOPLIST_FILE = MapViewApplication/Info.plist;
				LD_RUNPATH_SEARCH_PATHS = (
					"$(inherited)",
					"@executable_path/Frameworks",
				);
				PRODUCT_BUNDLE_IDENTIFIER = com.shivam.MapViewApplication;
				PRODUCT_NAME = "$(TARGET_NAME)";
				TARGETED_DEVICE_FAMILY = "1,2";
			};
			name = Release;
		};
		404F3DC42393ABDE003CB291 /* Debug */ = {
			isa = XCBuildConfiguration;
			buildSettings = {
				BUNDLE_LOADER = "$(TEST_HOST)";
				CODE_SIGN_STYLE = Automatic;
				DEVELOPMENT_TEAM = VBG2DLANNV;
				INFOPLIST_FILE = MapViewApplicationTests/Info.plist;
				IPHONEOS_DEPLOYMENT_TARGET = 13.1;
				LD_RUNPATH_SEARCH_PATHS = (
					"$(inherited)",
					"@executable_path/Frameworks",
					"@loader_path/Frameworks",
				);
				PRODUCT_BUNDLE_IDENTIFIER = com.shivam.MapViewApplicationTests;
				PRODUCT_NAME = "$(TARGET_NAME)";
				TARGETED_DEVICE_FAMILY = "1,2";
				TEST_HOST = "$(BUILT_PRODUCTS_DIR)/MapViewApplication.app/MapViewApplication";
			};
			name = Debug;
		};
		404F3DC52393ABDE003CB291 /* Release */ = {
			isa = XCBuildConfiguration;
			buildSettings = {
				BUNDLE_LOADER = "$(TEST_HOST)";
				CODE_SIGN_STYLE = Automatic;
				DEVELOPMENT_TEAM = VBG2DLANNV;
				INFOPLIST_FILE = MapViewApplicationTests/Info.plist;
				IPHONEOS_DEPLOYMENT_TARGET = 13.1;
				LD_RUNPATH_SEARCH_PATHS = (
					"$(inherited)",
					"@executable_path/Frameworks",
					"@loader_path/Frameworks",
				);
				PRODUCT_BUNDLE_IDENTIFIER = com.shivam.MapViewApplicationTests;
				PRODUCT_NAME = "$(TARGET_NAME)";
				TARGETED_DEVICE_FAMILY = "1,2";
				TEST_HOST = "$(BUILT_PRODUCTS_DIR)/MapViewApplication.app/MapViewApplication";
			};
			name = Release;
		};
		404F3DC72393ABDE003CB291 /* Debug */ = {
			isa = XCBuildConfiguration;
			buildSettings = {
				CODE_SIGN_STYLE = Automatic;
				DEVELOPMENT_TEAM = VBG2DLANNV;
				INFOPLIST_FILE = MapViewApplicationUITests/Info.plist;
				LD_RUNPATH_SEARCH_PATHS = (
					"$(inherited)",
					"@executable_path/Frameworks",
					"@loader_path/Frameworks",
				);
				PRODUCT_BUNDLE_IDENTIFIER = com.shivam.MapViewApplicationUITests;
				PRODUCT_NAME = "$(TARGET_NAME)";
				TARGETED_DEVICE_FAMILY = "1,2";
				TEST_TARGET_NAME = MapViewApplication;
			};
			name = Debug;
		};
		404F3DC82393ABDE003CB291 /* Release */ = {
			isa = XCBuildConfiguration;
			buildSettings = {
				CODE_SIGN_STYLE = Automatic;
				DEVELOPMENT_TEAM = VBG2DLANNV;
				INFOPLIST_FILE = MapViewApplicationUITests/Info.plist;
				LD_RUNPATH_SEARCH_PATHS = (
					"$(inherited)",
					"@executable_path/Frameworks",
					"@loader_path/Frameworks",
				);
				PRODUCT_BUNDLE_IDENTIFIER = com.shivam.MapViewApplicationUITests;
				PRODUCT_NAME = "$(TARGET_NAME)";
				TARGETED_DEVICE_FAMILY = "1,2";
				TEST_TARGET_NAME = MapViewApplication;
			};
			name = Release;
		};
/* End XCBuildConfiguration section */

/* Begin XCConfigurationList section */
		404F3D8C2393ABDC003CB291 /* Build configuration list for PBXProject "MapViewApplication" */ = {
			isa = XCConfigurationList;
			buildConfigurations = (
				404F3DBE2393ABDE003CB291 /* Debug */,
				404F3DBF2393ABDE003CB291 /* Release */,
			);
			defaultConfigurationIsVisible = 0;
			defaultConfigurationName = Release;
		};
		404F3DC02393ABDE003CB291 /* Build configuration list for PBXNativeTarget "MapViewApplication" */ = {
			isa = XCConfigurationList;
			buildConfigurations = (
				404F3DC12393ABDE003CB291 /* Debug */,
				404F3DC22393ABDE003CB291 /* Release */,
			);
			defaultConfigurationIsVisible = 0;
			defaultConfigurationName = Release;
		};
		404F3DC32393ABDE003CB291 /* Build configuration list for PBXNativeTarget "MapViewApplicationTests" */ = {
			isa = XCConfigurationList;
			buildConfigurations = (
				404F3DC42393ABDE003CB291 /* Debug */,
				404F3DC52393ABDE003CB291 /* Release */,
			);
			defaultConfigurationIsVisible = 0;
			defaultConfigurationName = Release;
		};
		404F3DC62393ABDE003CB291 /* Build configuration list for PBXNativeTarget "MapViewApplicationUITests" */ = {
			isa = XCConfigurationList;
			buildConfigurations = (
				404F3DC72393ABDE003CB291 /* Debug */,
				404F3DC82393ABDE003CB291 /* Release */,
			);
			defaultConfigurationIsVisible = 0;
			defaultConfigurationName = Release;
		};
/* End XCConfigurationList section */
	};
	rootObject = 404F3D892393ABDC003CB291 /* Project object */;
}
